// !$*UTF8*$!
{
	archiveVersion = 1;
	classes = {
	};
	objectVersion = 50;
	objects = {

/* Begin PBXBuildFile section */
		3DD1BD442076184700C69506 /* AppDelegate.swift in Sources */ = {isa = PBXBuildFile; fileRef = 3DD1BD432076184700C69506 /* AppDelegate.swift */; };
		3DD1BD462076184700C69506 /* ViewController.swift in Sources */ = {isa = PBXBuildFile; fileRef = 3DD1BD452076184700C69506 /* ViewController.swift */; };
		3DD1BD492076184700C69506 /* Main.storyboard in Resources */ = {isa = PBXBuildFile; fileRef = 3DD1BD472076184700C69506 /* Main.storyboard */; };
		3DD1BD4B2076184B00C69506 /* Assets.xcassets in Resources */ = {isa = PBXBuildFile; fileRef = 3DD1BD4A2076184B00C69506 /* Assets.xcassets */; };
		3DD1BD4E2076184B00C69506 /* LaunchScreen.storyboard in Resources */ = {isa = PBXBuildFile; fileRef = 3DD1BD4C2076184B00C69506 /* LaunchScreen.storyboard */; };
		3DD1BD5C2076187000C69506 /* UserNotifications.framework in Frameworks */ = {isa = PBXBuildFile; fileRef = 3DD1BD5B2076187000C69506 /* UserNotifications.framework */; };
		3DD1BD5E2076187000C69506 /* UserNotificationsUI.framework in Frameworks */ = {isa = PBXBuildFile; fileRef = 3DD1BD5D2076187000C69506 /* UserNotificationsUI.framework */; };
		3DD1BD612076187100C69506 /* NotificationViewController.swift in Sources */ = {isa = PBXBuildFile; fileRef = 3DD1BD602076187100C69506 /* NotificationViewController.swift */; };
		3DD1BD642076187100C69506 /* MainInterface.storyboard in Resources */ = {isa = PBXBuildFile; fileRef = 3DD1BD622076187100C69506 /* MainInterface.storyboard */; };
		3DD1BD682076187100C69506 /* ImageDownloadProgress.appex in Embed App Extensions */ = {isa = PBXBuildFile; fileRef = 3DD1BD592076187000C69506 /* ImageDownloadProgress.appex */; settings = {ATTRIBUTES = (RemoveHeadersOnCopy, ); }; };
/* End PBXBuildFile section */

/* Begin PBXContainerItemProxy section */
		3DD1BD662076187100C69506 /* PBXContainerItemProxy */ = {
			isa = PBXContainerItemProxy;
			containerPortal = 3DD1BD382076184700C69506 /* Project object */;
			proxyType = 1;
			remoteGlobalIDString = 3DD1BD582076187000C69506;
			remoteInfo = ImageDownloadProgress;
		};
/* End PBXContainerItemProxy section */

/* Begin PBXCopyFilesBuildPhase section */
		3DD1BD6C2076187100C69506 /* Embed App Extensions */ = {
			isa = PBXCopyFilesBuildPhase;
			buildActionMask = 2147483647;
			dstPath = "";
			dstSubfolderSpec = 13;
			files = (
				3DD1BD682076187100C69506 /* ImageDownloadProgress.appex in Embed App Extensions */,
			);
			name = "Embed App Extensions";
			runOnlyForDeploymentPostprocessing = 0;
		};
/* End PBXCopyFilesBuildPhase section */

/* Begin PBXFileReference section */
		3DD1BD402076184700C69506 /* ImageDownloadNotification.app */ = {isa = PBXFileReference; explicitFileType = wrapper.application; includeInIndex = 0; path = ImageDownloadNotification.app; sourceTree = BUILT_PRODUCTS_DIR; };
		3DD1BD432076184700C69506 /* AppDelegate.swift */ = {isa = PBXFileReference; lastKnownFileType = sourcecode.swift; path = AppDelegate.swift; sourceTree = "<group>"; };
		3DD1BD452076184700C69506 /* ViewController.swift */ = {isa = PBXFileReference; lastKnownFileType = sourcecode.swift; path = ViewController.swift; sourceTree = "<group>"; };
		3DD1BD482076184700C69506 /* Base */ = {isa = PBXFileReference; lastKnownFileType = file.storyboard; name = Base; path = Base.lproj/Main.storyboard; sourceTree = "<group>"; };
		3DD1BD4A2076184B00C69506 /* Assets.xcassets */ = {isa = PBXFileReference; lastKnownFileType = folder.assetcatalog; path = Assets.xcassets; sourceTree = "<group>"; };
		3DD1BD4D2076184B00C69506 /* Base */ = {isa = PBXFileReference; lastKnownFileType = file.storyboard; name = Base; path = Base.lproj/LaunchScreen.storyboard; sourceTree = "<group>"; };
		3DD1BD4F2076184B00C69506 /* Info.plist */ = {isa = PBXFileReference; lastKnownFileType = text.plist.xml; path = Info.plist; sourceTree = "<group>"; };
		3DD1BD592076187000C69506 /* ImageDownloadProgress.appex */ = {isa = PBXFileReference; explicitFileType = "wrapper.app-extension"; includeInIndex = 0; path = ImageDownloadProgress.appex; sourceTree = BUILT_PRODUCTS_DIR; };
		3DD1BD5B2076187000C69506 /* UserNotifications.framework */ = {isa = PBXFileReference; lastKnownFileType = wrapper.framework; name = UserNotifications.framework; path = System/Library/Frameworks/UserNotifications.framework; sourceTree = SDKROOT; };
		3DD1BD5D2076187000C69506 /* UserNotificationsUI.framework */ = {isa = PBXFileReference; lastKnownFileType = wrapper.framework; name = UserNotificationsUI.framework; path = System/Library/Frameworks/UserNotificationsUI.framework; sourceTree = SDKROOT; };
		3DD1BD602076187100C69506 /* NotificationViewController.swift */ = {isa = PBXFileReference; lastKnownFileType = sourcecode.swift; path = NotificationViewController.swift; sourceTree = "<group>"; };
		3DD1BD632076187100C69506 /* Base */ = {isa = PBXFileReference; lastKnownFileType = file.storyboard; name = Base; path = Base.lproj/MainInterface.storyboard; sourceTree = "<group>"; };
		3DD1BD652076187100C69506 /* Info.plist */ = {isa = PBXFileReference; lastKnownFileType = text.plist.xml; path = Info.plist; sourceTree = "<group>"; };
/* End PBXFileReference section */

/* Begin PBXFrameworksBuildPhase section */
		3DD1BD3D2076184700C69506 /* Frameworks */ = {
			isa = PBXFrameworksBuildPhase;
			buildActionMask = 2147483647;
			files = (
			);
			runOnlyForDeploymentPostprocessing = 0;
		};
		3DD1BD562076187000C69506 /* Frameworks */ = {
			isa = PBXFrameworksBuildPhase;
			buildActionMask = 2147483647;
			files = (
				3DD1BD5E2076187000C69506 /* UserNotificationsUI.framework in Frameworks */,
				3DD1BD5C2076187000C69506 /* UserNotifications.framework in Frameworks */,
			);
			runOnlyForDeploymentPostprocessing = 0;
		};
/* End PBXFrameworksBuildPhase section */

/* Begin PBXGroup section */
		3DD1BD372076184700C69506 = {
			isa = PBXGroup;
			children = (
				3DD1BD422076184700C69506 /* ImageDownloadNotification */,
				3DD1BD5F2076187000C69506 /* ImageDownloadProgress */,
				3DD1BD5A2076187000C69506 /* Frameworks */,
				3DD1BD412076184700C69506 /* Products */,
			);
			sourceTree = "<group>";
		};
		3DD1BD412076184700C69506 /* Products */ = {
			isa = PBXGroup;
			children = (
				3DD1BD402076184700C69506 /* ImageDownloadNotification.app */,
				3DD1BD592076187000C69506 /* ImageDownloadProgress.appex */,
			);
			name = Products;
			sourceTree = "<group>";
		};
		3DD1BD422076184700C69506 /* ImageDownloadNotification */ = {
			isa = PBXGroup;
			children = (
				3DD1BD432076184700C69506 /* AppDelegate.swift */,
				3DD1BD452076184700C69506 /* ViewController.swift */,
				3DD1BD472076184700C69506 /* Main.storyboard */,
				3DD1BD4A2076184B00C69506 /* Assets.xcassets */,
				3DD1BD4C2076184B00C69506 /* LaunchScreen.storyboard */,
				3DD1BD4F2076184B00C69506 /* Info.plist */,
			);
			path = ImageDownloadNotification;
			sourceTree = "<group>";
		};
		3DD1BD5A2076187000C69506 /* Frameworks */ = {
			isa = PBXGroup;
			children = (
				3DD1BD5B2076187000C69506 /* UserNotifications.framework */,
				3DD1BD5D2076187000C69506 /* UserNotificationsUI.framework */,
			);
			name = Frameworks;
			sourceTree = "<group>";
		};
		3DD1BD5F2076187000C69506 /* ImageDownloadProgress */ = {
			isa = PBXGroup;
			children = (
				3DD1BD602076187100C69506 /* NotificationViewController.swift */,
				3DD1BD622076187100C69506 /* MainInterface.storyboard */,
				3DD1BD652076187100C69506 /* Info.plist */,
			);
			path = ImageDownloadProgress;
			sourceTree = "<group>";
		};
/* End PBXGroup section */

/* Begin PBXNativeTarget section */
		3DD1BD3F2076184700C69506 /* ImageDownloadNotification */ = {
			isa = PBXNativeTarget;
			buildConfigurationList = 3DD1BD522076184B00C69506 /* Build configuration list for PBXNativeTarget "ImageDownloadNotification" */;
			buildPhases = (
				3DD1BD3C2076184700C69506 /* Sources */,
				3DD1BD3D2076184700C69506 /* Frameworks */,
				3DD1BD3E2076184700C69506 /* Resources */,
				3DD1BD6C2076187100C69506 /* Embed App Extensions */,
			);
			buildRules = (
			);
			dependencies = (
				3DD1BD672076187100C69506 /* PBXTargetDependency */,
			);
			name = ImageDownloadNotification;
			productName = ImageDownloadNotification;
			productReference = 3DD1BD402076184700C69506 /* ImageDownloadNotification.app */;
			productType = "com.apple.product-type.application";
		};
		3DD1BD582076187000C69506 /* ImageDownloadProgress */ = {
			isa = PBXNativeTarget;
			buildConfigurationList = 3DD1BD692076187100C69506 /* Build configuration list for PBXNativeTarget "ImageDownloadProgress" */;
			buildPhases = (
				3DD1BD552076187000C69506 /* Sources */,
				3DD1BD562076187000C69506 /* Frameworks */,
				3DD1BD572076187000C69506 /* Resources */,
			);
			buildRules = (
			);
			dependencies = (
			);
			name = ImageDownloadProgress;
			productName = ImageDownloadProgress;
			productReference = 3DD1BD592076187000C69506 /* ImageDownloadProgress.appex */;
			productType = "com.apple.product-type.app-extension";
		};
/* End PBXNativeTarget section */

/* Begin PBXProject section */
		3DD1BD382076184700C69506 /* Project object */ = {
			isa = PBXProject;
			attributes = {
				LastSwiftUpdateCheck = 0930;
				LastUpgradeCheck = 0930;
				ORGANIZATIONNAME = VishalMadheshia;
				TargetAttributes = {
					3DD1BD3F2076184700C69506 = {
						CreatedOnToolsVersion = 9.3;
						SystemCapabilities = {
							com.apple.BackgroundModes = {
								enabled = 1;
							};
						};
					};
					3DD1BD582076187000C69506 = {
						CreatedOnToolsVersion = 9.3;
					};
				};
			};
			buildConfigurationList = 3DD1BD3B2076184700C69506 /* Build configuration list for PBXProject "ImageDownloadNotification" */;
			compatibilityVersion = "Xcode 9.3";
			developmentRegion = en;
			hasScannedForEncodings = 0;
			knownRegions = (
				en,
				Base,
			);
			mainGroup = 3DD1BD372076184700C69506;
			productRefGroup = 3DD1BD412076184700C69506 /* Products */;
			projectDirPath = "";
			projectRoot = "";
			targets = (
				3DD1BD3F2076184700C69506 /* ImageDownloadNotification */,
				3DD1BD582076187000C69506 /* ImageDownloadProgress */,
			);
		};
/* End PBXProject section */

/* Begin PBXResourcesBuildPhase section */
		3DD1BD3E2076184700C69506 /* Resources */ = {
			isa = PBXResourcesBuildPhase;
			buildActionMask = 2147483647;
			files = (
				3DD1BD4E2076184B00C69506 /* LaunchScreen.storyboard in Resources */,
				3DD1BD4B2076184B00C69506 /* Assets.xcassets in Resources */,
				3DD1BD492076184700C69506 /* Main.storyboard in Resources */,
			);
			runOnlyForDeploymentPostprocessing = 0;
		};
		3DD1BD572076187000C69506 /* Resources */ = {
			isa = PBXResourcesBuildPhase;
			buildActionMask = 2147483647;
			files = (
				3DD1BD642076187100C69506 /* MainInterface.storyboard in Resources */,
			);
			runOnlyForDeploymentPostprocessing = 0;
		};
/* End PBXResourcesBuildPhase section */

/* Begin PBXSourcesBuildPhase section */
		3DD1BD3C2076184700C69506 /* Sources */ = {
			isa = PBXSourcesBuildPhase;
			buildActionMask = 2147483647;
			files = (
				3DD1BD462076184700C69506 /* ViewController.swift in Sources */,
				3DD1BD442076184700C69506 /* AppDelegate.swift in Sources */,
			);
			runOnlyForDeploymentPostprocessing = 0;
		};
		3DD1BD552076187000C69506 /* Sources */ = {
			isa = PBXSourcesBuildPhase;
			buildActionMask = 2147483647;
			files = (
				3DD1BD612076187100C69506 /* NotificationViewController.swift in Sources */,
			);
			runOnlyForDeploymentPostprocessing = 0;
		};
/* End PBXSourcesBuildPhase section */

/* Begin PBXTargetDependency section */
		3DD1BD672076187100C69506 /* PBXTargetDependency */ = {
			isa = PBXTargetDependency;
			target = 3DD1BD582076187000C69506 /* ImageDownloadProgress */;
			targetProxy = 3DD1BD662076187100C69506 /* PBXContainerItemProxy */;
		};
/* End PBXTargetDependency section */

/* Begin PBXVariantGroup section */
		3DD1BD472076184700C69506 /* Main.storyboard */ = {
			isa = PBXVariantGroup;
			children = (
				3DD1BD482076184700C69506 /* Base */,
			);
			name = Main.storyboard;
			sourceTree = "<group>";
		};
		3DD1BD4C2076184B00C69506 /* LaunchScreen.storyboard */ = {
			isa = PBXVariantGroup;
			children = (
				3DD1BD4D2076184B00C69506 /* Base */,
			);
			name = LaunchScreen.storyboard;
			sourceTree = "<group>";
		};
		3DD1BD622076187100C69506 /* MainInterface.storyboard */ = {
			isa = PBXVariantGroup;
			children = (
				3DD1BD632076187100C69506 /* Base */,
			);
			name = MainInterface.storyboard;
			sourceTree = "<group>";
		};
/* End PBXVariantGroup section */

/* Begin XCBuildConfiguration section */
		3DD1BD502076184B00C69506 /* Debug */ = {
			isa = XCBuildConfiguration;
			buildSettings = {
				ALWAYS_SEARCH_USER_PATHS = NO;
				CLANG_ANALYZER_NONNULL = YES;
				CLANG_ANALYZER_NUMBER_OBJECT_CONVERSION = YES_AGGRESSIVE;
				CLANG_CXX_LANGUAGE_STANDARD = "gnu++14";
				CLANG_CXX_LIBRARY = "libc++";
				CLANG_ENABLE_MODULES = YES;
				CLANG_ENABLE_OBJC_ARC = YES;
				CLANG_ENABLE_OBJC_WEAK = YES;
				CLANG_WARN_BLOCK_CAPTURE_AUTORELEASING = YES;
				CLANG_WARN_BOOL_CONVERSION = YES;
				CLANG_WARN_COMMA = YES;
				CLANG_WARN_CONSTANT_CONVERSION = YES;
				CLANG_WARN_DEPRECATED_OBJC_IMPLEMENTATIONS = YES;
				CLANG_WARN_DIRECT_OBJC_ISA_USAGE = YES_ERROR;
				CLANG_WARN_DOCUMENTATION_COMMENTS = YES;
				CLANG_WARN_EMPTY_BODY = YES;
				CLANG_WARN_ENUM_CONVERSION = YES;
				CLANG_WARN_INFINITE_RECURSION = YES;
				CLANG_WARN_INT_CONVERSION = YES;
				CLANG_WARN_NON_LITERAL_NULL_CONVERSION = YES;
				CLANG_WARN_OBJC_IMPLICIT_RETAIN_SELF = YES;
				CLANG_WARN_OBJC_LITERAL_CONVERSION = YES;
				CLANG_WARN_OBJC_ROOT_CLASS = YES_ERROR;
				CLANG_WARN_RANGE_LOOP_ANALYSIS = YES;
				CLANG_WARN_STRICT_PROTOTYPES = YES;
				CLANG_WARN_SUSPICIOUS_MOVE = YES;
				CLANG_WARN_UNGUARDED_AVAILABILITY = YES_AGGRESSIVE;
				CLANG_WARN_UNREACHABLE_CODE = YES;
				CLANG_WARN__DUPLICATE_METHOD_MATCH = YES;
				CODE_SIGN_IDENTITY = "iPhone Developer";
				COPY_PHASE_STRIP = NO;
				DEBUG_INFORMATION_FORMAT = dwarf;
				ENABLE_STRICT_OBJC_MSGSEND = YES;
				ENABLE_TESTABILITY = YES;
				GCC_C_LANGUAGE_STANDARD = gnu11;
				GCC_DYNAMIC_NO_PIC = NO;
				GCC_NO_COMMON_BLOCKS = YES;
				GCC_OPTIMIZATION_LEVEL = 0;
				GCC_PREPROCESSOR_DEFINITIONS = (
					"DEBUG=1",
					"$(inherited)",
				);
				GCC_WARN_64_TO_32_BIT_CONVERSION = YES;
				GCC_WARN_ABOUT_RETURN_TYPE = YES_ERROR;
				GCC_WARN_UNDECLARED_SELECTOR = YES;
				GCC_WARN_UNINITIALIZED_AUTOS = YES_AGGRESSIVE;
				GCC_WARN_UNUSED_FUNCTION = YES;
				GCC_WARN_UNUSED_VARIABLE = YES;
				IPHONEOS_DEPLOYMENT_TARGET = 10.3;
				MTL_ENABLE_DEBUG_INFO = YES;
				ONLY_ACTIVE_ARCH = YES;
				SDKROOT = iphoneos;
				SWIFT_ACTIVE_COMPILATION_CONDITIONS = DEBUG;
				SWIFT_OPTIMIZATION_LEVEL = "-Onone";
			};
			name = Debug;
		};
		3DD1BD512076184B00C69506 /* Release */ = {
			isa = XCBuildConfiguration;
			buildSettings = {
				ALWAYS_SEARCH_USER_PATHS = NO;
				CLANG_ANALYZER_NONNULL = YES;
				CLANG_ANALYZER_NUMBER_OBJECT_CONVERSION = YES_AGGRESSIVE;
				CLANG_CXX_LANGUAGE_STANDARD = "gnu++14";
				CLANG_CXX_LIBRARY = "libc++";
				CLANG_ENABLE_MODULES = YES;
				CLANG_ENABLE_OBJC_ARC = YES;
				CLANG_ENABLE_OBJC_WEAK = YES;
				CLANG_WARN_BLOCK_CAPTURE_AUTORELEASING = YES;
				CLANG_WARN_BOOL_CONVERSION = YES;
				CLANG_WARN_COMMA = YES;
				CLANG_WARN_CONSTANT_CONVERSION = YES;
				CLANG_WARN_DEPRECATED_OBJC_IMPLEMENTATIONS = YES;
				CLANG_WARN_DIRECT_OBJC_ISA_USAGE = YES_ERROR;
				CLANG_WARN_DOCUMENTATION_COMMENTS = YES;
				CLANG_WARN_EMPTY_BODY = YES;
				CLANG_WARN_ENUM_CONVERSION = YES;
				CLANG_WARN_INFINITE_RECURSION = YES;
				CLANG_WARN_INT_CONVERSION = YES;
				CLANG_WARN_NON_LITERAL_NULL_CONVERSION = YES;
				CLANG_WARN_OBJC_IMPLICIT_RETAIN_SELF = YES;
				CLANG_WARN_OBJC_LITERAL_CONVERSION = YES;
				CLANG_WARN_OBJC_ROOT_CLASS = YES_ERROR;
				CLANG_WARN_RANGE_LOOP_ANALYSIS = YES;
				CLANG_WARN_STRICT_PROTOTYPES = YES;
				CLANG_WARN_SUSPICIOUS_MOVE = YES;
				CLANG_WARN_UNGUARDED_AVAILABILITY = YES_AGGRESSIVE;
				CLANG_WARN_UNREACHABLE_CODE = YES;
				CLANG_WARN__DUPLICATE_METHOD_MATCH = YES;
				CODE_SIGN_IDENTITY = "iPhone Developer";
				COPY_PHASE_STRIP = NO;
				DEBUG_INFORMATION_FORMAT = "dwarf-with-dsym";
				ENABLE_NS_ASSERTIONS = NO;
				ENABLE_STRICT_OBJC_MSGSEND = YES;
				GCC_C_LANGUAGE_STANDARD = gnu11;
				GCC_NO_COMMON_BLOCKS = YES;
				GCC_WARN_64_TO_32_BIT_CONVERSION = YES;
				GCC_WARN_ABOUT_RETURN_TYPE = YES_ERROR;
				GCC_WARN_UNDECLARED_SELECTOR = YES;
				GCC_WARN_UNINITIALIZED_AUTOS = YES_AGGRESSIVE;
				GCC_WARN_UNUSED_FUNCTION = YES;
				GCC_WARN_UNUSED_VARIABLE = YES;
				IPHONEOS_DEPLOYMENT_TARGET = 10.3;
				MTL_ENABLE_DEBUG_INFO = NO;
				SDKROOT = iphoneos;
				SWIFT_COMPILATION_MODE = wholemodule;
				SWIFT_OPTIMIZATION_LEVEL = "-O";
				VALIDATE_PRODUCT = YES;
			};
			name = Release;
		};
		3DD1BD532076184B00C69506 /* Debug */ = {
			isa = XCBuildConfiguration;
			buildSettings = {
				ALWAYS_EMBED_SWIFT_STANDARD_LIBRARIES = YES;
				ASSETCATALOG_COMPILER_APPICON_NAME = AppIcon;
				CODE_SIGN_STYLE = Automatic;
				DEVELOPMENT_TEAM = "";
				INFOPLIST_FILE = ImageDownloadNotification/Info.plist;
				IPHONEOS_DEPLOYMENT_TARGET = 10.3;
				LD_RUNPATH_SEARCH_PATHS = (
					"$(inherited)",
					"@executable_path/Frameworks",
				);
				PRODUCT_BUNDLE_IDENTIFIER = com.vishal.demo;
				PRODUCT_NAME = "$(TARGET_NAME)";
				SWIFT_VERSION = 4.0;
				TARGETED_DEVICE_FAMILY = "1,2";
			};
			name = Debug;
		};
		3DD1BD542076184B00C69506 /* Release */ = {
			isa = XCBuildConfiguration;
			buildSettings = {
				ALWAYS_EMBED_SWIFT_STANDARD_LIBRARIES = YES;
				ASSETCATALOG_COMPILER_APPICON_NAME = AppIcon;
				CODE_SIGN_STYLE = Automatic;
				DEVELOPMENT_TEAM = "";
				INFOPLIST_FILE = ImageDownloadNotification/Info.plist;
				IPHONEOS_DEPLOYMENT_TARGET = 10.3;
				LD_RUNPATH_SEARCH_PATHS = (
					"$(inherited)",
					"@executable_path/Frameworks",
				);
				PRODUCT_BUNDLE_IDENTIFIER = com.vishal.demo;
				PRODUCT_NAME = "$(TARGET_NAME)";
				SWIFT_VERSION = 4.0;
				TARGETED_DEVICE_FAMILY = "1,2";
			};
			name = Release;
		};
		3DD1BD6A2076187100C69506 /* Debug */ = {
			isa = XCBuildConfiguration;
			buildSettings = {
				CODE_SIGN_STYLE = Automatic;
				DEVELOPMENT_TEAM = "";
				INFOPLIST_FILE = ImageDownloadProgress/Info.plist;
				IPHONEOS_DEPLOYMENT_TARGET = 10.2;
				LD_RUNPATH_SEARCH_PATHS = (
					"$(inherited)",
					"@executable_path/Frameworks",
					"@executable_path/../../Frameworks",
				);
				PRODUCT_BUNDLE_IDENTIFIER = com.vishal.demo.content;
				PRODUCT_NAME = "$(TARGET_NAME)";
				SKIP_INSTALL = YES;
				SWIFT_VERSION = 4.0;
				TARGETED_DEVICE_FAMILY = "1,2";
			};
			name = Debug;
		};
		3DD1BD6B2076187100C69506 /* Release */ = {
			isa = XCBuildConfiguration;
			buildSettings = {
				CODE_SIGN_STYLE = Automatic;
				DEVELOPMENT_TEAM = "";
				INFOPLIST_FILE = ImageDownloadProgress/Info.plist;
				IPHONEOS_DEPLOYMENT_TARGET = 10.2;
				LD_RUNPATH_SEARCH_PATHS = (
					"$(inherited)",
					"@executable_path/Frameworks",
					"@executable_path/../../Frameworks",
				);
				PRODUCT_BUNDLE_IDENTIFIER = com.vishal.demo.content;
				PRODUCT_NAME = "$(TARGET_NAME)";
				SKIP_INSTALL = YES;
				SWIFT_VERSION = 4.0;
				TARGETED_DEVICE_FAMILY = "1,2";
			};
			name = Release;
		};
/* End XCBuildConfiguration section */

/* Begin XCConfigurationList section */
		3DD1BD3B2076184700C69506 /* Build configuration list for PBXProject "ImageDownloadNotification" */ = {
			isa = XCConfigurationList;
			buildConfigurations = (
				3DD1BD502076184B00C69506 /* Debug */,
				3DD1BD512076184B00C69506 /* Release */,
			);
			defaultConfigurationIsVisible = 0;
			defaultConfigurationName = Release;
		};
		3DD1BD522076184B00C69506 /* Build configuration list for PBXNativeTarget "ImageDownloadNotification" */ = {
			isa = XCConfigurationList;
			buildConfigurations = (
				3DD1BD532076184B00C69506 /* Debug */,
				3DD1BD542076184B00C69506 /* Release */,
			);
			defaultConfigurationIsVisible = 0;
			defaultConfigurationName = Release;
		};
		3DD1BD692076187100C69506 /* Build configuration list for PBXNativeTarget "ImageDownloadProgress" */ = {
			isa = XCConfigurationList;
			buildConfigurations = (
				3DD1BD6A2076187100C69506 /* Debug */,
				3DD1BD6B2076187100C69506 /* Release */,
			);
			defaultConfigurationIsVisible = 0;
			defaultConfigurationName = Release;
		};
/* End XCConfigurationList section */
	};
	rootObject = 3DD1BD382076184700C69506 /* Project object */;
}
